
Microsoft Visual Studio Solution File, Format Version 12.00
# Visual Studio Version 16
VisualStudioVersion = 16.0.30804.86
MinimumVisualStudioVersion = 10.0.40219.1
Project("{FAE04EC0-301F-11D3-BF4B-00C04F79EFBC}") = "BAYILERSATISPROJESI", "BAYILERSATISPROJESI\BAYILERSATISPROJESI.csproj", "{768CAC8D-0820-43FE-B793-C71DBBCA9248}"
EndProject
Global
	GlobalSection(SolutionConfigurationPlatforms) = preSolution
		Debug|Any CPU = Debug|Any CPU
		Release|Any CPU = Release|Any CPU
	EndGlobalSection
	GlobalSection(ProjectConfigurationPlatforms) = postSolution
		{768CAC8D-0820-43FE-B793-C71DBBCA9248}.Debug|Any CPU.ActiveCfg = Debug|Any CPU
		{768CAC8D-0820-43FE-B793-C71DBBCA9248}.Debug|Any CPU.Build.0 = Debug|Any CPU
		{768CAC8D-0820-43FE-B793-C71DBBCA9248}.Release|Any CPU.ActiveCfg = Release|Any CPU
		{768CAC8D-0820-43FE-B793-C71DBBCA9248}.Release|Any CPU.Build.0 = Release|Any CPU
	EndGlobalSection
	GlobalSection(SolutionProperties) = preSolution
		HideSolutionNode = FALSE
	EndGlobalSection
	GlobalSection(ExtensibilityGlobals) = postSolution
		SolutionGuid = {D56C14D9-3237-470E-8E38-3E4CE0046322}
	EndGlobalSection
EndGlobal
